
Microsoft Visual Studio Solution File, Format Version 12.00
# Visual Studio Version 17
VisualStudioVersion = 17.14.36408.4
MinimumVisualStudioVersion = 10.0.40219.1
Project("{FAE04EC0-301F-11D3-BF4B-00C04F79EFBC}") = "j0rpiPlayer", "j0rpiPlayer\j0rpiPlayer.csproj", "{1BFB7DA4-AD1A-47C0-B85B-8E61B9CAA7CC}"
EndProject
Global
	GlobalSection(SolutionConfigurationPlatforms) = preSolution
		Debug|Any CPU = Debug|Any CPU
		Release|Any CPU = Release|Any CPU
	EndGlobalSection
	GlobalSection(ProjectConfigurationPlatforms) = postSolution
		{1BFB7DA4-AD1A-47C0-B85B-8E61B9CAA7CC}.Debug|Any CPU.ActiveCfg = Debug|Any CPU
		{1BFB7DA4-AD1A-47C0-B85B-8E61B9CAA7CC}.Debug|Any CPU.Build.0 = Debug|Any CPU
		{1BFB7DA4-AD1A-47C0-B85B-8E61B9CAA7CC}.Release|Any CPU.ActiveCfg = Release|Any CPU
		{1BFB7DA4-AD1A-47C0-B85B-8E61B9CAA7CC}.Release|Any CPU.Build.0 = Release|Any CPU
	EndGlobalSection
	GlobalSection(SolutionProperties) = preSolution
		HideSolutionNode = FALSE
	EndGlobalSection
	GlobalSection(ExtensibilityGlobals) = postSolution
		SolutionGuid = {0146AA61-901D-4FF8-9B3E-5E32BD0D8C83}
	EndGlobalSection
EndGlobal
